
Microsoft Visual Studio Solution File, Format Version 12.00
# Visual Studio 2013
VisualStudioVersion = 12.0.31101.0
MinimumVisualStudioVersion = 10.0.40219.1
Project("{FAE04EC0-301F-11D3-BF4B-00C04F79EFBC}") = "VoucherDemo", "VoucherDemo\VoucherDemo\VoucherDemo.csproj", "{7BC223AA-74F4-46C0-B816-866B4D6ED756}"
EndProject
Project("{FAE04EC0-301F-11D3-BF4B-00C04F79EFBC}") = "VoucherDemo.iOS", "VoucherDemo\VoucherDemo.iOS\VoucherDemo.iOS.csproj", "{0D4DCBCA-E362-4CD2-9E55-1221A64C24EE}"
EndProject
Project("{FAE04EC0-301F-11D3-BF4B-00C04F79EFBC}") = "VoucherDemo.Droid", "VoucherDemo\VoucherDemo.Droid\VoucherDemo.Droid.csproj", "{A40F9AD6-9FC8-434E-81F5-CF5838AD46B6}"
EndProject
Global
	GlobalSection(SolutionConfigurationPlatforms) = preSolution
		Ad-Hoc|Any CPU = Ad-Hoc|Any CPU
		Ad-Hoc|ARM = Ad-Hoc|ARM
		Ad-Hoc|iPhone = Ad-Hoc|iPhone
		Ad-Hoc|iPhoneSimulator = Ad-Hoc|iPhoneSimulator
		Ad-Hoc|Mixed Platforms = Ad-Hoc|Mixed Platforms
		Ad-Hoc|x86 = Ad-Hoc|x86
		AppStore|Any CPU = AppStore|Any CPU
		AppStore|ARM = AppStore|ARM
		AppStore|iPhone = AppStore|iPhone
		AppStore|iPhoneSimulator = AppStore|iPhoneSimulator
		AppStore|Mixed Platforms = AppStore|Mixed Platforms
		AppStore|x86 = AppStore|x86
		Debug|Any CPU = Debug|Any CPU
		Debug|ARM = Debug|ARM
		Debug|iPhone = Debug|iPhone
		Debug|iPhoneSimulator = Debug|iPhoneSimulator
		Debug|Mixed Platforms = Debug|Mixed Platforms
		Debug|x86 = Debug|x86
		Release|Any CPU = Release|Any CPU
		Release|ARM = Release|ARM
		Release|iPhone = Release|iPhone
		Release|iPhoneSimulator = Release|iPhoneSimulator
		Release|Mixed Platforms = Release|Mixed Platforms
		Release|x86 = Release|x86
	EndGlobalSection
	GlobalSection(ProjectConfigurationPlatforms) = postSolution
		{7BC223AA-74F4-46C0-B816-866B4D6ED756}.Ad-Hoc|Any CPU.ActiveCfg = Release|Any CPU
		{7BC223AA-74F4-46C0-B816-866B4D6ED756}.Ad-Hoc|Any CPU.Build.0 = Release|Any CPU
		{7BC223AA-74F4-46C0-B816-866B4D6ED756}.Ad-Hoc|ARM.ActiveCfg = Release|Any CPU
		{7BC223AA-74F4-46C0-B816-866B4D6ED756}.Ad-Hoc|iPhone.ActiveCfg = Release|Any CPU
		{7BC223AA-74F4-46C0-B816-866B4D6ED756}.Ad-Hoc|iPhoneSimulator.ActiveCfg = Release|Any CPU
		{7BC223AA-74F4-46C0-B816-866B4D6ED756}.Ad-Hoc|Mixed Platforms.ActiveCfg = Release|Any CPU
		{7BC223AA-74F4-46C0-B816-866B4D6ED756}.Ad-Hoc|Mixed Platforms.Build.0 = Release|Any CPU
		{7BC223AA-74F4-46C0-B816-866B4D6ED756}.Ad-Hoc|x86.ActiveCfg = Release|Any CPU
		{7BC223AA-74F4-46C0-B816-866B4D6ED756}.AppStore|Any CPU.ActiveCfg = Release|Any CPU
		{7BC223AA-74F4-46C0-B816-866B4D6ED756}.AppStore|Any CPU.Build.0 = Release|Any CPU
		{7BC223AA-74F4-46C0-B816-866B4D6ED756}.AppStore|ARM.ActiveCfg = Release|Any CPU
		{7BC223AA-74F4-46C0-B816-866B4D6ED756}.AppStore|iPhone.ActiveCfg = Release|Any CPU
		{7BC223AA-74F4-46C0-B816-866B4D6ED756}.AppStore|iPhoneSimulator.ActiveCfg = Release|Any CPU
		{7BC223AA-74F4-46C0-B816-866B4D6ED756}.AppStore|Mixed Platforms.ActiveCfg = Release|Any CPU
		{7BC223AA-74F4-46C0-B816-866B4D6ED756}.AppStore|Mixed Platforms.Build.0 = Release|Any CPU
		{7BC223AA-74F4-46C0-B816-866B4D6ED756}.AppStore|x86.ActiveCfg = Release|Any CPU
		{7BC223AA-74F4-46C0-B816-866B4D6ED756}.Debug|Any CPU.ActiveCfg = Debug|Any CPU
		{7BC223AA-74F4-46C0-B816-866B4D6ED756}.Debug|Any CPU.Build.0 = Debug|Any CPU
		{7BC223AA-74F4-46C0-B816-866B4D6ED756}.Debug|ARM.ActiveCfg = Debug|Any CPU
		{7BC223AA-74F4-46C0-B816-866B4D6ED756}.Debug|iPhone.ActiveCfg = Debug|Any CPU
		{7BC223AA-74F4-46C0-B816-866B4D6ED756}.Debug|iPhoneSimulator.ActiveCfg = Debug|Any CPU
		{7BC223AA-74F4-46C0-B816-866B4D6ED756}.Debug|Mixed Platforms.ActiveCfg = Debug|Any CPU
		{7BC223AA-74F4-46C0-B816-866B4D6ED756}.Debug|Mixed Platforms.Build.0 = Debug|Any CPU
		{7BC223AA-74F4-46C0-B816-866B4D6ED756}.Debug|x86.ActiveCfg = Debug|Any CPU
		{7BC223AA-74F4-46C0-B816-866B4D6ED756}.Release|Any CPU.ActiveCfg = Release|Any CPU
		{7BC223AA-74F4-46C0-B816-866B4D6ED756}.Release|Any CPU.Build.0 = Release|Any CPU
		{7BC223AA-74F4-46C0-B816-866B4D6ED756}.Release|ARM.ActiveCfg = Release|Any CPU
		{7BC223AA-74F4-46C0-B816-866B4D6ED756}.Release|iPhone.ActiveCfg = Release|Any CPU
		{7BC223AA-74F4-46C0-B816-866B4D6ED756}.Release|iPhoneSimulator.ActiveCfg = Release|Any CPU
		{7BC223AA-74F4-46C0-B816-866B4D6ED756}.Release|Mixed Platforms.ActiveCfg = Release|Any CPU
		{7BC223AA-74F4-46C0-B816-866B4D6ED756}.Release|Mixed Platforms.Build.0 = Release|Any CPU
		{7BC223AA-74F4-46C0-B816-866B4D6ED756}.Release|x86.ActiveCfg = Release|Any CPU
		{0D4DCBCA-E362-4CD2-9E55-1221A64C24EE}.Ad-Hoc|Any CPU.ActiveCfg = Ad-Hoc|iPhone
		{0D4DCBCA-E362-4CD2-9E55-1221A64C24EE}.Ad-Hoc|ARM.ActiveCfg = Ad-Hoc|iPhone
		{0D4DCBCA-E362-4CD2-9E55-1221A64C24EE}.Ad-Hoc|iPhone.ActiveCfg = Ad-Hoc|iPhone
		{0D4DCBCA-E362-4CD2-9E55-1221A64C24EE}.Ad-Hoc|iPhone.Build.0 = Ad-Hoc|iPhone
		{0D4DCBCA-E362-4CD2-9E55-1221A64C24EE}.Ad-Hoc|iPhoneSimulator.ActiveCfg = Ad-Hoc|iPhoneSimulator
		{0D4DCBCA-E362-4CD2-9E55-1221A64C24EE}.Ad-Hoc|iPhoneSimulator.Build.0 = Ad-Hoc|iPhoneSimulator
		{0D4DCBCA-E362-4CD2-9E55-1221A64C24EE}.Ad-Hoc|Mixed Platforms.ActiveCfg = Ad-Hoc|iPhone
		{0D4DCBCA-E362-4CD2-9E55-1221A64C24EE}.Ad-Hoc|Mixed Platforms.Build.0 = Ad-Hoc|iPhone
		{0D4DCBCA-E362-4CD2-9E55-1221A64C24EE}.Ad-Hoc|x86.ActiveCfg = Ad-Hoc|iPhone
		{0D4DCBCA-E362-4CD2-9E55-1221A64C24EE}.AppStore|Any CPU.ActiveCfg = AppStore|iPhone
		{0D4DCBCA-E362-4CD2-9E55-1221A64C24EE}.AppStore|ARM.ActiveCfg = AppStore|iPhone
		{0D4DCBCA-E362-4CD2-9E55-1221A64C24EE}.AppStore|iPhone.ActiveCfg = AppStore|iPhone
		{0D4DCBCA-E362-4CD2-9E55-1221A64C24EE}.AppStore|iPhone.Build.0 = AppStore|iPhone
		{0D4DCBCA-E362-4CD2-9E55-1221A64C24EE}.AppStore|iPhoneSimulator.ActiveCfg = AppStore|iPhoneSimulator
		{0D4DCBCA-E362-4CD2-9E55-1221A64C24EE}.AppStore|iPhoneSimulator.Build.0 = AppStore|iPhoneSimulator
		{0D4DCBCA-E362-4CD2-9E55-1221A64C24EE}.AppStore|Mixed Platforms.ActiveCfg = AppStore|iPhone
		{0D4DCBCA-E362-4CD2-9E55-1221A64C24EE}.AppStore|Mixed Platforms.Build.0 = AppStore|iPhone
		{0D4DCBCA-E362-4CD2-9E55-1221A64C24EE}.AppStore|x86.ActiveCfg = AppStore|iPhone
		{0D4DCBCA-E362-4CD2-9E55-1221A64C24EE}.Debug|Any CPU.ActiveCfg = Debug|iPhone
		{0D4DCBCA-E362-4CD2-9E55-1221A64C24EE}.Debug|ARM.ActiveCfg = Debug|iPhone
		{0D4DCBCA-E362-4CD2-9E55-1221A64C24EE}.Debug|iPhone.ActiveCfg = Debug|iPhone
		{0D4DCBCA-E362-4CD2-9E55-1221A64C24EE}.Debug|iPhone.Build.0 = Debug|iPhone
		{0D4DCBCA-E362-4CD2-9E55-1221A64C24EE}.Debug|iPhoneSimulator.ActiveCfg = Debug|iPhoneSimulator
		{0D4DCBCA-E362-4CD2-9E55-1221A64C24EE}.Debug|iPhoneSimulator.Build.0 = Debug|iPhoneSimulator
		{0D4DCBCA-E362-4CD2-9E55-1221A64C24EE}.Debug|Mixed Platforms.ActiveCfg = Debug|iPhone
		{0D4DCBCA-E362-4CD2-9E55-1221A64C24EE}.Debug|Mixed Platforms.Build.0 = Debug|iPhone
		{0D4DCBCA-E362-4CD2-9E55-1221A64C24EE}.Debug|x86.ActiveCfg = Debug|iPhone
		{0D4DCBCA-E362-4CD2-9E55-1221A64C24EE}.Release|Any CPU.ActiveCfg = Release|iPhone
		{0D4DCBCA-E362-4CD2-9E55-1221A64C24EE}.Release|ARM.ActiveCfg = Release|iPhone
		{0D4DCBCA-E362-4CD2-9E55-1221A64C24EE}.Release|iPhone.ActiveCfg = Release|iPhone
		{0D4DCBCA-E362-4CD2-9E55-1221A64C24EE}.Release|iPhone.Build.0 = Release|iPhone
		{0D4DCBCA-E362-4CD2-9E55-1221A64C24EE}.Release|iPhoneSimulator.ActiveCfg = Release|iPhoneSimulator
		{0D4DCBCA-E362-4CD2-9E55-1221A64C24EE}.Release|iPhoneSimulator.Build.0 = Release|iPhoneSimulator
		{0D4DCBCA-E362-4CD2-9E55-1221A64C24EE}.Release|Mixed Platforms.ActiveCfg = Release|iPhone
		{0D4DCBCA-E362-4CD2-9E55-1221A64C24EE}.Release|Mixed Platforms.Build.0 = Release|iPhone
		{0D4DCBCA-E362-4CD2-9E55-1221A64C24EE}.Release|x86.ActiveCfg = Release|iPhone
		{A40F9AD6-9FC8-434E-81F5-CF5838AD46B6}.Ad-Hoc|Any CPU.ActiveCfg = Release|Any CPU
		{A40F9AD6-9FC8-434E-81F5-CF5838AD46B6}.Ad-Hoc|Any CPU.Build.0 = Release|Any CPU
		{A40F9AD6-9FC8-434E-81F5-CF5838AD46B6}.Ad-Hoc|Any CPU.Deploy.0 = Release|Any CPU
		{A40F9AD6-9FC8-434E-81F5-CF5838AD46B6}.Ad-Hoc|ARM.ActiveCfg = Release|Any CPU
		{A40F9AD6-9FC8-434E-81F5-CF5838AD46B6}.Ad-Hoc|iPhone.ActiveCfg = Release|Any CPU
		{A40F9AD6-9FC8-434E-81F5-CF5838AD46B6}.Ad-Hoc|iPhoneSimulator.ActiveCfg = Release|Any CPU
		{A40F9AD6-9FC8-434E-81F5-CF5838AD46B6}.Ad-Hoc|Mixed Platforms.ActiveCfg = Release|Any CPU
		{A40F9AD6-9FC8-434E-81F5-CF5838AD46B6}.Ad-Hoc|Mixed Platforms.Build.0 = Release|Any CPU
		{A40F9AD6-9FC8-434E-81F5-CF5838AD46B6}.Ad-Hoc|Mixed Platforms.Deploy.0 = Release|Any CPU
		{A40F9AD6-9FC8-434E-81F5-CF5838AD46B6}.Ad-Hoc|x86.ActiveCfg = Release|Any CPU
		{A40F9AD6-9FC8-434E-81F5-CF5838AD46B6}.AppStore|Any CPU.ActiveCfg = Release|Any CPU
		{A40F9AD6-9FC8-434E-81F5-CF5838AD46B6}.AppStore|Any CPU.Build.0 = Release|Any CPU
		{A40F9AD6-9FC8-434E-81F5-CF5838AD46B6}.AppStore|Any CPU.Deploy.0 = Release|Any CPU
		{A40F9AD6-9FC8-434E-81F5-CF5838AD46B6}.AppStore|ARM.ActiveCfg = Release|Any CPU
		{A40F9AD6-9FC8-434E-81F5-CF5838AD46B6}.AppStore|iPhone.ActiveCfg = Release|Any CPU
		{A40F9AD6-9FC8-434E-81F5-CF5838AD46B6}.AppStore|iPhoneSimulator.ActiveCfg = Release|Any CPU
		{A40F9AD6-9FC8-434E-81F5-CF5838AD46B6}.AppStore|Mixed Platforms.ActiveCfg = Release|Any CPU
		{A40F9AD6-9FC8-434E-81F5-CF5838AD46B6}.AppStore|Mixed Platforms.Build.0 = Release|Any CPU
		{A40F9AD6-9FC8-434E-81F5-CF5838AD46B6}.AppStore|Mixed Platforms.Deploy.0 = Release|Any CPU
		{A40F9AD6-9FC8-434E-81F5-CF5838AD46B6}.AppStore|x86.ActiveCfg = Release|Any CPU
		{A40F9AD6-9FC8-434E-81F5-CF5838AD46B6}.Debug|Any CPU.ActiveCfg = Debug|Any CPU
		{A40F9AD6-9FC8-434E-81F5-CF5838AD46B6}.Debug|Any CPU.Build.0 = Debug|Any CPU
		{A40F9AD6-9FC8-434E-81F5-CF5838AD46B6}.Debug|Any CPU.Deploy.0 = Debug|Any CPU
		{A40F9AD6-9FC8-434E-81F5-CF5838AD46B6}.Debug|ARM.ActiveCfg = Debug|Any CPU
		{A40F9AD6-9FC8-434E-81F5-CF5838AD46B6}.Debug|iPhone.ActiveCfg = Debug|Any CPU
		{A40F9AD6-9FC8-434E-81F5-CF5838AD46B6}.Debug|iPhoneSimulator.ActiveCfg = Debug|Any CPU
		{A40F9AD6-9FC8-434E-81F5-CF5838AD46B6}.Debug|Mixed Platforms.ActiveCfg = Debug|Any CPU
		{A40F9AD6-9FC8-434E-81F5-CF5838AD46B6}.Debug|Mixed Platforms.Build.0 = Debug|Any CPU
		{A40F9AD6-9FC8-434E-81F5-CF5838AD46B6}.Debug|Mixed Platforms.Deploy.0 = Debug|Any CPU
		{A40F9AD6-9FC8-434E-81F5-CF5838AD46B6}.Debug|x86.ActiveCfg = Debug|Any CPU
		{A40F9AD6-9FC8-434E-81F5-CF5838AD46B6}.Release|Any CPU.ActiveCfg = Release|Any CPU
		{A40F9AD6-9FC8-434E-81F5-CF5838AD46B6}.Release|Any CPU.Build.0 = Release|Any CPU
		{A40F9AD6-9FC8-434E-81F5-CF5838AD46B6}.Release|Any CPU.Deploy.0 = Release|Any CPU
		{A40F9AD6-9FC8-434E-81F5-CF5838AD46B6}.Release|ARM.ActiveCfg = Release|Any CPU
		{A40F9AD6-9FC8-434E-81F5-CF5838AD46B6}.Release|iPhone.ActiveCfg = Release|Any CPU
		{A40F9AD6-9FC8-434E-81F5-CF5838AD46B6}.Release|iPhoneSimulator.ActiveCfg = Release|Any CPU
		{A40F9AD6-9FC8-434E-81F5-CF5838AD46B6}.Release|Mixed Platforms.ActiveCfg = Release|Any CPU
		{A40F9AD6-9FC8-434E-81F5-CF5838AD46B6}.Release|Mixed Platforms.Build.0 = Release|Any CPU
		{A40F9AD6-9FC8-434E-81F5-CF5838AD46B6}.Release|Mixed Platforms.Deploy.0 = Release|Any CPU
		{A40F9AD6-9FC8-434E-81F5-CF5838AD46B6}.Release|x86.ActiveCfg = Release|Any CPU
	EndGlobalSection
	GlobalSection(SolutionProperties) = preSolution
		HideSolutionNode = FALSE
	EndGlobalSection
EndGlobal
